
Microsoft Visual Studio Solution File, Format Version 12.00
# Visual Studio Version 17
VisualStudioVersion = 17.2.32630.192
MinimumVisualStudioVersion = 10.0.40219.1
Project("{FAE04EC0-301F-11D3-BF4B-00C04F79EFBC}") = "RocketCommander", "RocketCommander.csproj", "{EA70924B-6E79-4044-BEE8-D80A8F4381CA}"
EndProject
Project("{FAE04EC0-301F-11D3-BF4B-00C04F79EFBC}") = "RocketCommon", "..\RocketCommon\RocketCommon.csproj", "{F9110AFF-1DAF-456C-AC54-B8E36D9A3357}"
EndProject
Global
	GlobalSection(SolutionConfigurationPlatforms) = preSolution
		Debug|Any CPU = Debug|Any CPU
		Release|Any CPU = Release|Any CPU
	EndGlobalSection
	GlobalSection(ProjectConfigurationPlatforms) = postSolution
		{EA70924B-6E79-4044-BEE8-D80A8F4381CA}.Debug|Any CPU.ActiveCfg = Debug|Any CPU
		{EA70924B-6E79-4044-BEE8-D80A8F4381CA}.Debug|Any CPU.Build.0 = Debug|Any CPU
		{EA70924B-6E79-4044-BEE8-D80A8F4381CA}.Release|Any CPU.ActiveCfg = Release|Any CPU
		{EA70924B-6E79-4044-BEE8-D80A8F4381CA}.Release|Any CPU.Build.0 = Release|Any CPU
		{F9110AFF-1DAF-456C-AC54-B8E36D9A3357}.Debug|Any CPU.ActiveCfg = Debug|Any CPU
		{F9110AFF-1DAF-456C-AC54-B8E36D9A3357}.Debug|Any CPU.Build.0 = Debug|Any CPU
		{F9110AFF-1DAF-456C-AC54-B8E36D9A3357}.Release|Any CPU.ActiveCfg = Release|Any CPU
		{F9110AFF-1DAF-456C-AC54-B8E36D9A3357}.Release|Any CPU.Build.0 = Release|Any CPU
	EndGlobalSection
	GlobalSection(SolutionProperties) = preSolution
		HideSolutionNode = FALSE
	EndGlobalSection
	GlobalSection(ExtensibilityGlobals) = postSolution
		SolutionGuid = {0126173F-B328-4D89-9881-DA5EC1B8171D}
	EndGlobalSection
EndGlobal
